{
    "_meta": {
        "hash": {
            "sha256": "2107dacb7d1214bf5e04f786633d7e1b3e8315a9e4997c49129edb8ff58cb4ec"
        },
        "pipfile-spec": 6,
        "requires": {},
        "sources": [
            {
                "name": "pypi",
                "url": "https://pypi.python.org/simple",
                "verify_ssl": true
            }
        ]
    },
    "default": {
        "beautifulsoup4": {
            "hashes": [
                "sha256:4c98143716ef1cb40bf7f39a8e3eec8f8b009509e74904ba3a7b315431577e35",
                "sha256:84729e322ad1d5b4d25f805bfa05b902dd96450f43842c4e99067d5e1369eb25",
                "sha256:fff47e031e34ec82bf17e00da8f592fe7de69aeea38be00523c04623c04fb666"
            ],
            "version": "==4.9.3"
        },
        "blurhash": {
            "hashes": [
                "sha256:7611c1bc41383d2349b6129208587b5d61e8792ce953893cb49c38beeb400d1d",
                "sha256:da56b163e5a816e4ad07172f5639287698e09d7f3dc38d18d9726d9c1dbc4cee"
            ],
            "version": "==1.1.4"
        },
        "certifi": {
            "hashes": [
                "sha256:2bbf76fd432960138b3ef6dda3dde0544f27cbf8546c458e60baf371917ba9ee",
                "sha256:50b1e4f8446b06f41be7dd6338db18e0990601dce795c2b1686458aa7e8fa7d8"
            ],
            "version": "==2021.5.30"
        },
        "chardet": {
            "hashes": [
                "sha256:0d6f53a15db4120f2b08c94f11e7d93d2c911ee118b6b30a04ec3ee8310179fa",
                "sha256:f864054d66fd9118f2e67044ac8981a54775ec5b67aed0441892edb553d21da5"
            ],
            "version": "==4.0.0"
        },
        "coloredlogs": {
            "hashes": [
                "sha256:34fad2e342d5a559c31b6c889e8d14f97cb62c47d9a2ae7b5ed14ea10a79eff8",
                "sha256:b869a2dda3fa88154b9dd850e27828d8755bfab5a838a1c97fbc850c6e377c36"
            ],
            "index": "pypi",
            "version": "==10.0"
        },
        "decorator": {
            "hashes": [
                "sha256:6e5c199c16f7a9f0e3a61a4a54b3d27e7dad0dbdde92b944426cb20914376323",
                "sha256:72ecfba4320a893c53f9706bebb2d55c270c1e51a28789361aa93e4a21319ed5"
            ],
            "version": "==5.0.9"
        },
        "future": {
            "hashes": [
                "sha256:b1bead90b70cf6ec3f0710ae53a525360fa360d306a86583adc6bf83a4db537d"
            ],
            "version": "==0.18.2"
        },
        "html5lib": {
            "hashes": [
                "sha256:0d78f8fde1c230e99fe37986a60526d7049ed4bf8a9fadbad5f00e22e58e041d",
                "sha256:b2e5b40261e20f354d198eae92afc10d750afb487ed5e50f9c4eaf07c184146f"
            ],
            "version": "==1.1"
        },
        "humanfriendly": {
            "hashes": [
                "sha256:066562956639ab21ff2676d1fda0b5987e985c534fc76700a19bd54bcb81121d",
                "sha256:d5c731705114b9ad673754f3317d9fa4c23212f36b29bdc4272a892eafc9bc72"
            ],
            "version": "==9.1"
        },
        "idna": {
            "hashes": [
                "sha256:b307872f855b18632ce0c21c5e45be78c0ea7ae4c15c828c20788b26921eb3f6",
                "sha256:b97d804b1e9b523befed77c48dacec60e6dcb0b5391d57af6a65a312a90648c0"
            ],
            "version": "==2.10"
        },
        "mastodon.py": {
            "hashes": [
                "sha256:2afddbad8b5d7326fcc8a8f8c62bfe956e34627f516b06c6694fc8c8fedc33ee",
                "sha256:cc454cac0ed1ae4f105f7399ea53f5b31a1be5075d1882f47162d2e78a9e4064"
            ],
            "index": "pypi",
            "version": "==1.5.1"
        },
        "mf2py": {
            "hashes": [
                "sha256:84f1f8f2ff3f1deb1c30be497e7ccd805452996a662fd4a77f09e0105bede2c9"
            ],
            "index": "pypi",
            "version": "==1.1.2"
        },
        "mf2util": {
            "hashes": [
                "sha256:efb8ea1a275f16396993a3fbe32331b74a8f6985d3f7f47503641cf522f1f614"
            ],
            "index": "pypi",
            "version": "==0.5.0"
        },
        "oauthlib": {
            "hashes": [
                "sha256:42bf6354c2ed8c6acb54d971fce6f88193d97297e18602a3a886603f9d7730cc",
                "sha256:8f0215fcc533dd8dd1bee6f4c412d4f0cd7297307d43ac61666389e3bc3198a3"
            ],
            "version": "==3.1.1"
        },
        "python-dateutil": {
            "hashes": [
                "sha256:1adb80e7a782c12e52ef9a8182bebeb73f1d7e24e374397af06fb4956c8dc5c0",
                "sha256:e27001de32f627c22380a688bcc43ce83504a7bc5da472209b4c70f02829f0b8"
            ],
            "index": "pypi",
            "version": "==2.7.3"
        },
        "python-magic": {
            "hashes": [
                "sha256:3790dc06e5abf9d618d288adf831f159ca9a3872aac7bcb8b7008b4a08d9809c",
                "sha256:88f71d04fde4318da32fa03930362f1c6127caa833614563fd53a0fd3438cc3e"
            ],
            "version": "==0.4.23"
        },
        "python-twitter": {
            "hashes": [
                "sha256:29b536a59edfb0b1f634ea8d98b91c4c5bd7514e91fab16af086604c627bebae",
                "sha256:77ebcf2344b622d2fa1e54a851971e030ae313c754863b435e5c1827be97a721"
            ],
            "index": "pypi",
            "version": "==3.4.2"
        },
        "pytz": {
            "hashes": [
                "sha256:83a4a90894bf38e243cf052c8b58f381bfe9a7a483f6a9cab140bc7f702ac4da",
                "sha256:eb10ce3e7736052ed3623d49975ce333bcd712c7bb19a58b9e2089d4057d0798"
            ],
            "version": "==2021.1"
        },
        "requests": {
            "hashes": [
                "sha256:27973dd4a904a4f13b263a19c866c13b92a39ed1c964655f025f3f8d3d75b804",
                "sha256:c210084e36a42ae6b9219e00e48287def368a26d03a048ddad7bfee44f75871e"
            ],
            "version": "==2.25.1"
        },
        "requests-oauthlib": {
            "hashes": [
                "sha256:7f71572defaecd16372f9006f33c2ec8c077c3cfa6f5911a9a90202beb513f3d",
                "sha256:b4261601a71fd721a8bd6d7aa1cc1d6a8a93b4a9f5e96626f8e4d91e8beeaa6a"
            ],
            "version": "==1.3.0"
        },
        "ronkyuu": {
            "hashes": [
                "sha256:5aa77b39d301bc174ab99ba8a53954627771cb501651a12103c58f51b32e84bf",
                "sha256:85b25fef7f5fb0c93afd5377ea35b5ff72b2458f926bafdf10f0c9a1e19cab10"
            ],
            "index": "pypi",
            "version": "==0.6"
        },
        "six": {
            "hashes": [
                "sha256:1e61c37477a1626458e36f7b1d82aa5c9b094fa4802892072e49de9c60c4c926",
                "sha256:8abb2f1d86890a2dfb989f9a77cfcfd3e47c2a354b01111771326f8aa26e0254"
            ],
            "version": "==1.16.0"
        },
        "soupsieve": {
            "hashes": [
                "sha256:052774848f448cf19c7e959adf5566904d525f33a3f8b6ba6f6f8f26ec7de0cc",
                "sha256:c2c1c2d44f158cdbddab7824a9af8c4f83c76b1e23e049479aa432feb6c4c23b"
            ],
            "markers": "python_version >= '3.0'",
            "version": "==2.2.1"
        },
        "urllib3": {
            "hashes": [
                "sha256:753a0374df26658f99d826cfe40394a686d05985786d946fbe4165b5148f5a7c",
                "sha256:a7acd0977125325f516bda9735fa7142b909a8d01e8b2e4c8108d0984e6e0098"
            ],
            "index": "pypi",
            "version": "==1.26.5"
        },
        "webencodings": {
            "hashes": [
                "sha256:a0af1213f3c2226497a97e2b3aa01a7e4bee4f403f95be16fc9acd2947514a78",
                "sha256:b36a1c245f2d304965eb4e0a82848379241dc04b865afcc4aab16748587e1923"
            ],
            "version": "==0.5.1"
        }
    },
    "develop": {
        "atomicwrites": {
            "hashes": [
                "sha256:6d1784dea7c0c8d4a5172b6c620f40b6e4cbfdf96d783691f2e1302a7b88e197",
                "sha256:ae70396ad1a434f9c7046fd2dd196fc04b12f9e91ffb859164193be8b6168a7a"
            ],
            "version": "==1.4.0"
        },
        "attrs": {
            "hashes": [
                "sha256:149e90d6d8ac20db7a955ad60cf0e6881a3f20d37096140088356da6c716b0b1",
                "sha256:ef6aaac3ca6cd92904cdd0d83f629a15f18053ec84e6432106f7a4d04ae4f5fb"
            ],
            "version": "==21.2.0"
        },
        "more-itertools": {
            "hashes": [
                "sha256:2cf89ec599962f2ddc4d568a05defc40e0a587fbc10d5989713638864c36be4d",
                "sha256:83f0308e05477c68f56ea3a888172c78ed5d5b3c282addb67508e7ba6c8f813a"
            ],
            "version": "==8.8.0"
        },
        "pluggy": {
            "hashes": [
                "sha256:15b2acde666561e1298d71b523007ed7364de07029219b604cf808bfa1c765b0",
                "sha256:966c145cd83c96502c3c3868f50408687b38434af77734af1e9ca461a4081d2d"
            ],
            "version": "==0.13.1"
        },
        "py": {
            "hashes": [
                "sha256:21b81bda15b66ef5e1a777a21c4dcd9c20ad3efd0b3f817e7a809035269e1bd3",
                "sha256:3b80836aa6d1feeaa108e046da6423ab8f6ceda6468545ae8d02d9d58d18818a"
            ],
            "version": "==1.10.0"
        },
        "pytest": {
            "hashes": [
                "sha256:2d7c49e931316cc7d1638a3e5f54f5d7b4e5225972b3c9838f3584788d27f349",
                "sha256:ad0c7db7b5d4081631e0155f5c61b80ad76ce148551aaafe3a718d65a7508b18"
            ],
            "index": "pypi",
            "version": "==3.7.4"
        },
        "pytest-runner": {
            "hashes": [
                "sha256:d23f117be39919f00dd91bffeb4f15e031ec797501b717a245e377aee0f577be",
                "sha256:d987fec1e31287592ffe1cb823a8c613c533db4c6aaca0ee1191dbc91e2fcc61"
            ],
            "index": "pypi",
            "version": "==4.2"
        },
        "setuptools-scm": {
            "hashes": [
                "sha256:1191f2a136b5e86f7ca8ab00a97ef7aef997131f1f6d4971be69a1ef387d8b40",
                "sha256:cc6953d224a22f10e933fa2f55c95979317c55259016adcf93310ba2997febfa"
            ],
            "index": "pypi",
            "version": "==3.1.0"
        },
        "six": {
            "hashes": [
                "sha256:1e61c37477a1626458e36f7b1d82aa5c9b094fa4802892072e49de9c60c4c926",
                "sha256:8abb2f1d86890a2dfb989f9a77cfcfd3e47c2a354b01111771326f8aa26e0254"
            ],
            "version": "==1.16.0"
        }
    }
}
